
Microsoft Visual Studio Solution File, Format Version 12.00
# Visual Studio Version 17
VisualStudioVersion = 17.2.32630.192
MinimumVisualStudioVersion = 10.0.40219.1
Project("{FAE04EC0-301F-11D3-BF4B-00C04F79EFBC}") = "JogoDaForca.ConsoleApp", "JogoDaForca.ConsoleApp\JogoDaForca.ConsoleApp.csproj", "{78036BE7-65BF-45CC-9FC7-2CE787A10F2D}"
EndProject
Global
	GlobalSection(SolutionConfigurationPlatforms) = preSolution
		Debug|Any CPU = Debug|Any CPU
		Release|Any CPU = Release|Any CPU
	EndGlobalSection
	GlobalSection(ProjectConfigurationPlatforms) = postSolution
		{78036BE7-65BF-45CC-9FC7-2CE787A10F2D}.Debug|Any CPU.ActiveCfg = Debug|Any CPU
		{78036BE7-65BF-45CC-9FC7-2CE787A10F2D}.Debug|Any CPU.Build.0 = Debug|Any CPU
		{78036BE7-65BF-45CC-9FC7-2CE787A10F2D}.Release|Any CPU.ActiveCfg = Release|Any CPU
		{78036BE7-65BF-45CC-9FC7-2CE787A10F2D}.Release|Any CPU.Build.0 = Release|Any CPU
	EndGlobalSection
	GlobalSection(SolutionProperties) = preSolution
		HideSolutionNode = FALSE
	EndGlobalSection
	GlobalSection(ExtensibilityGlobals) = postSolution
		SolutionGuid = {A583AE03-1268-4B15-BDF7-844CFBE5476C}
	EndGlobalSection
EndGlobal
